<?xml version="1.0" encoding="utf-8"?>
<Project ToolsVersion="4.0" xmlns="http://schemas.microsoft.com/developer/msbuild/2003">
  <ItemGroup>
    <ClCompile Include="pch.cpp" />
    <ClCompile Include="Program.cpp" />
    <ClCompile Include="RenderingGame.cpp" />
    <ClCompile Include="TexturedModelDemo.cpp">
      <Filter>Demos</Filter>
    </ClCompile>
  </ItemGroup>
  <ItemGroup>
    <ClInclude Include="pch.h" />
    <ClInclude Include="RenderingGame.h" />
    <ClInclude Include="TexturedModelDemo.h">
      <Filter>Demos</Filter>
    </ClInclude>
  </ItemGroup>
  <ItemGroup>
    <Filter Include="Content">
      <UniqueIdentifier>{9f733bbf-df8f-4eb5-8da3-8869d4d6f2e8}</UniqueIdentifier>
    </Filter>
    <Filter Include="Content\Effects">
      <UniqueIdentifier>{d4148776-8aa1-4903-9c9f-a11d2c72f801}</UniqueIdentifier>
    </Filter>
    <Filter Include="Demos">
      <UniqueIdentifier>{ad54ed3c-b177-4a6e-a41a-9ad2270ce935}</UniqueIdentifier>
    </Filter>
    <Filter Include="Content\Models">
      <UniqueIdentifier>{3bad1952-06cc-4197-a783-57455f2eff07}</UniqueIdentifier>
    </Filter>
    <Filter Include="Content\Textures">
      <UniqueIdentifier>{12205c87-e3ee-4c72-9900-d0f672903b78}</UniqueIdentifier>
    </Filter>
  </ItemGroup>
  <ItemGroup>
    <CopyFileToFolders Include="Content\Effects\TexturedModelDemo.vert">
      <Filter>Content\Effects</Filter>
    </CopyFileToFolders>
    <CopyFileToFolders Include="Content\Effects\TexturedModelDemo.frag">
      <Filter>Content\Effects</Filter>
    </CopyFileToFolders>
    <CopyFileToFolders Include="Content\Models\Sphere.obj" />
    <CopyFileToFolders Include="Content\Textures\Checkerboard.png" />
    <CopyFileToFolders Include="Content\Textures\EarthComposite.jpg" />
  </ItemGroup>
</Project>