<?xml version="1.0" encoding="utf-8"?>
<Project ToolsVersion="4.0" xmlns="http://schemas.microsoft.com/developer/msbuild/2003">
  <ItemGroup>
    <Filter Include="Content">
      <UniqueIdentifier>{b09d508b-93e7-4595-a90d-1d56440847b8}</UniqueIdentifier>
    </Filter>
    <Filter Include="Content\Effects">
      <UniqueIdentifier>{786a5eb2-7a4c-453a-99b1-3a4e3cf0a021}</UniqueIdentifier>
    </Filter>
    <Filter Include="Demos">
      <UniqueIdentifier>{964b873d-cde7-4ac0-9a7b-e2526b6b1c9b}</UniqueIdentifier>
    </Filter>
    <Filter Include="ShaderPrograms">
      <UniqueIdentifier>{2bd67125-40c9-4ac5-849b-597168650c54}</UniqueIdentifier>
    </Filter>
    <Filter Include="Content\Models">
      <UniqueIdentifier>{e65e04e0-411b-4ac0-b22f-1c7c54000f2e}</UniqueIdentifier>
    </Filter>
    <Filter Include="Content\Textures">
      <UniqueIdentifier>{08812a78-aef5-42a8-81bc-9c150dc8f34f}</UniqueIdentifier>
    </Filter>
    <Filter Include="Content\Textures\Maskonaive2_1024">
      <UniqueIdentifier>{d11bcf13-b78d-4bf4-a5d7-d4bc2ad66ea4}</UniqueIdentifier>
    </Filter>
  </ItemGroup>
  <ItemGroup>
    <ClCompile Include="FogDemo.cpp">
      <Filter>Demos</Filter>
    </ClCompile>
    <ClCompile Include="FogEffect.cpp">
      <Filter>ShaderPrograms</Filter>
    </ClCompile>
    <ClCompile Include="Program.cpp" />
    <ClCompile Include="RenderingGame.cpp" />
    <ClCompile Include="pch.cpp" />
  </ItemGroup>
  <ItemGroup>
    <ClInclude Include="FogDemo.h">
      <Filter>Demos</Filter>
    </ClInclude>
    <ClInclude Include="FogEffect.h">
      <Filter>ShaderPrograms</Filter>
    </ClInclude>
    <ClInclude Include="RenderingGame.h" />
    <ClInclude Include="pch.h" />
  </ItemGroup>
  <ItemGroup>
    <CopyFileToFolders Include="Content\Effects\FogDemo.vert">
      <Filter>Content\Effects</Filter>
    </CopyFileToFolders>
    <CopyFileToFolders Include="Content\Effects\FogDemo.frag">
      <Filter>Content\Effects</Filter>
    </CopyFileToFolders>
    <CopyFileToFolders Include="Content\Models\DirectionalLightProxy.obj" />
    <CopyFileToFolders Include="Content\Models\Sphere.obj" />
    <CopyFileToFolders Include="Content\Textures\Earthatday.png" />
    <CopyFileToFolders Include="Content\Textures\Maskonaive2_1024\negx.jpg" />
    <CopyFileToFolders Include="Content\Textures\Maskonaive2_1024\negy.jpg" />
    <CopyFileToFolders Include="Content\Textures\Maskonaive2_1024\negz.jpg" />
    <CopyFileToFolders Include="Content\Textures\Maskonaive2_1024\posx.jpg" />
    <CopyFileToFolders Include="Content\Textures\Maskonaive2_1024\posy.jpg" />
    <CopyFileToFolders Include="Content\Textures\Maskonaive2_1024\posz.jpg" />
  </ItemGroup>
</Project>