<?xml version="1.0" encoding="utf-8"?>
<Project ToolsVersion="4.0" xmlns="http://schemas.microsoft.com/developer/msbuild/2003">
  <ItemGroup>
    <Filter Include="Content">
      <UniqueIdentifier>{8291b1be-85cd-4afc-bca4-d6de689c46ba}</UniqueIdentifier>
    </Filter>
    <Filter Include="Content\Effects">
      <UniqueIdentifier>{20b230fd-e947-4000-96aa-6d12b3ce80cf}</UniqueIdentifier>
    </Filter>
    <Filter Include="Demos">
      <UniqueIdentifier>{dc293c81-ab81-4a7b-99f5-3f07149723e0}</UniqueIdentifier>
    </Filter>
  </ItemGroup>
  <ItemGroup>
    <ClCompile Include="pch.cpp" />
    <ClCompile Include="Program.cpp" />
    <ClCompile Include="RenderingGame.cpp" />
    <ClCompile Include="ColoredTriangleDemo.cpp">
      <Filter>Demos</Filter>
    </ClCompile>
  </ItemGroup>
  <ItemGroup>
    <ClInclude Include="pch.h" />
    <ClInclude Include="RenderingGame.h" />
    <ClInclude Include="ColoredTriangleDemo.h">
      <Filter>Demos</Filter>
    </ClInclude>
  </ItemGroup>
  <ItemGroup>
    <None Include="Content\Effects\ColoredTriangleDemo.frag">
      <Filter>Content\Effects</Filter>
    </None>
    <None Include="Content\Effects\ColoredTriangleDemo.vert">
      <Filter>Content\Effects</Filter>
    </None>
  </ItemGroup>
</Project>